
Microsoft Visual Studio Solution File, Format Version 12.00
# Visual Studio Version 17
VisualStudioVersion = 17.4.33403.182
MinimumVisualStudioVersion = 10.0.40219.1
Project("{FAE04EC0-301F-11D3-BF4B-00C04F79EFBC}") = "ElMirador_BL", "ElMirador_BL\ElMirador_BL.csproj", "{3AB4FC72-AAC1-4846-94BD-6A1FEFC4FC3C}"
EndProject
Global
	GlobalSection(SolutionConfigurationPlatforms) = preSolution
		Debug|Any CPU = Debug|Any CPU
		Release|Any CPU = Release|Any CPU
	EndGlobalSection
	GlobalSection(ProjectConfigurationPlatforms) = postSolution
		{3AB4FC72-AAC1-4846-94BD-6A1FEFC4FC3C}.Debug|Any CPU.ActiveCfg = Debug|Any CPU
		{3AB4FC72-AAC1-4846-94BD-6A1FEFC4FC3C}.Debug|Any CPU.Build.0 = Debug|Any CPU
		{3AB4FC72-AAC1-4846-94BD-6A1FEFC4FC3C}.Release|Any CPU.ActiveCfg = Release|Any CPU
		{3AB4FC72-AAC1-4846-94BD-6A1FEFC4FC3C}.Release|Any CPU.Build.0 = Release|Any CPU
	EndGlobalSection
	GlobalSection(SolutionProperties) = preSolution
		HideSolutionNode = FALSE
	EndGlobalSection
	GlobalSection(ExtensibilityGlobals) = postSolution
		SolutionGuid = {5689C6BD-7507-431E-BD21-1B6DFA005DEB}
	EndGlobalSection
EndGlobal
